
Microsoft Visual Studio Solution File, Format Version 12.00
# Visual Studio Version 16
VisualStudioVersion = 16.0.32413.511
MinimumVisualStudioVersion = 10.0.40219.1
Project("{2150E333-8FDC-42A3-9474-1A3956D46DE8}") = "Project01", "Project01", "{D8D69E15-348B-4373-A4A4-A3983140654B}"
	ProjectSection(SolutionItems) = preProject
		Guide.md = Guide.md
		Pro01_Readme.md = Pro01_Readme.md
		Specs.md = Specs.md
	EndProjectSection
EndProject
Project("{FAE04EC0-301F-11D3-BF4B-00C04F79EFBC}") = "Pro01_20CT111", "Project01\Pro01_20CT111\Pro01_20CT111.csproj", "{80105CFC-AD17-49EF-A113-73E67D2007DD}"
EndProject
Project("{FAE04EC0-301F-11D3-BF4B-00C04F79EFBC}") = "Pro01_20CT112_113", "Project01\Pro01_20CT112_113\Pro01_20CT112_113.csproj", "{2CF15819-6950-421D-9785-8D5CF4CFDEE0}"
EndProject
Project("{FAE04EC0-301F-11D3-BF4B-00C04F79EFBC}") = "Pro01_20CT114", "Pro01_20CT114\Pro01_20CT114.csproj", "{5688DB57-04E3-4B35-8A97-4BA49C1517FB}"
EndProject
Project("{2150E333-8FDC-42A3-9474-1A3956D46DE8}") = "Project2", "Project2", "{2D9E41EB-43B6-4941-AD32-507B8B6D4BC7}"
EndProject
Project("{FAE04EC0-301F-11D3-BF4B-00C04F79EFBC}") = "Pro2_20CT112_113", "Project2\Pro2_20CT112_113\Pro2_20CT112_113.csproj", "{E775E634-6B66-4210-B6BE-4E14F18748BA}"
EndProject
Project("{FAE04EC0-301F-11D3-BF4B-00C04F79EFBC}") = "Pro2_20CT111", "Project2\Pro2_20CT111\Pro2_20CT111.csproj", "{3ABA4187-FEDC-46A9-8CA2-0D5D11931966}"
EndProject
Project("{FAE04EC0-301F-11D3-BF4B-00C04F79EFBC}") = "MyLibraryUI", "Project2\MyLibraryUI\MyLibraryUI.csproj", "{DDA016B4-F85D-46F9-8361-F0651B68EAC8}"
EndProject
Project("{FAE04EC0-301F-11D3-BF4B-00C04F79EFBC}") = "Pro02_20CT114", "Project2\Pro02_20CT114\Pro02_20CT114.csproj", "{0A59F9DF-6F50-4327-B9B3-02228106D483}"
EndProject
Project("{FAE04EC0-301F-11D3-BF4B-00C04F79EFBC}") = "MyLibrary", "Project2\MyLibrary\MyLibrary.csproj", "{F5B405B4-86EB-4444-930D-E14A0F4FE462}"
EndProject
Project("{FAE04EC0-301F-11D3-BF4B-00C04F79EFBC}") = "MyUI_CT114", "MyUI_CT114\MyUI_CT114.csproj", "{B058B8B3-820B-4FBC-BED8-7405E3495F43}"
EndProject
Project("{2150E333-8FDC-42A3-9474-1A3956D46DE8}") = "Project03", "Project03", "{DCE67C0E-885E-4915-ADEE-DDA2A9A0BB76}"
EndProject
Project("{FAE04EC0-301F-11D3-BF4B-00C04F79EFBC}") = "Pro03_20CT114", "Project03\Pro03_20CT114\Pro03_20CT114.csproj", "{F46073B9-A8FB-4664-8BF4-5900CDF2574A}"
EndProject
Project("{FAE04EC0-301F-11D3-BF4B-00C04F79EFBC}") = "Pro03_20CT112_113", "Project03\Pro03_20CT112_113\Pro03_20CT112_113.csproj", "{A5B470E7-47D7-434A-96AF-E3009536EEA0}"
EndProject
Project("{FAE04EC0-301F-11D3-BF4B-00C04F79EFBC}") = "Pro03_20CT111_QuaySo", "Project03\Pro03_20CT111_QuaySo\Pro03_20CT111_QuaySo.csproj", "{45893DE3-3565-45F8-AD5F-AF4CA8B40BB0}"
EndProject
Global
	GlobalSection(SolutionConfigurationPlatforms) = preSolution
		Debug|Any CPU = Debug|Any CPU
		Release|Any CPU = Release|Any CPU
	EndGlobalSection
	GlobalSection(ProjectConfigurationPlatforms) = postSolution
		{80105CFC-AD17-49EF-A113-73E67D2007DD}.Debug|Any CPU.ActiveCfg = Debug|Any CPU
		{80105CFC-AD17-49EF-A113-73E67D2007DD}.Debug|Any CPU.Build.0 = Debug|Any CPU
		{80105CFC-AD17-49EF-A113-73E67D2007DD}.Release|Any CPU.ActiveCfg = Release|Any CPU
		{80105CFC-AD17-49EF-A113-73E67D2007DD}.Release|Any CPU.Build.0 = Release|Any CPU
		{2CF15819-6950-421D-9785-8D5CF4CFDEE0}.Debug|Any CPU.ActiveCfg = Debug|Any CPU
		{2CF15819-6950-421D-9785-8D5CF4CFDEE0}.Debug|Any CPU.Build.0 = Debug|Any CPU
		{2CF15819-6950-421D-9785-8D5CF4CFDEE0}.Release|Any CPU.ActiveCfg = Release|Any CPU
		{2CF15819-6950-421D-9785-8D5CF4CFDEE0}.Release|Any CPU.Build.0 = Release|Any CPU
		{5688DB57-04E3-4B35-8A97-4BA49C1517FB}.Debug|Any CPU.ActiveCfg = Debug|Any CPU
		{5688DB57-04E3-4B35-8A97-4BA49C1517FB}.Debug|Any CPU.Build.0 = Debug|Any CPU
		{5688DB57-04E3-4B35-8A97-4BA49C1517FB}.Release|Any CPU.ActiveCfg = Release|Any CPU
		{5688DB57-04E3-4B35-8A97-4BA49C1517FB}.Release|Any CPU.Build.0 = Release|Any CPU
		{E775E634-6B66-4210-B6BE-4E14F18748BA}.Debug|Any CPU.ActiveCfg = Debug|Any CPU
		{E775E634-6B66-4210-B6BE-4E14F18748BA}.Debug|Any CPU.Build.0 = Debug|Any CPU
		{E775E634-6B66-4210-B6BE-4E14F18748BA}.Release|Any CPU.ActiveCfg = Release|Any CPU
		{E775E634-6B66-4210-B6BE-4E14F18748BA}.Release|Any CPU.Build.0 = Release|Any CPU
		{3ABA4187-FEDC-46A9-8CA2-0D5D11931966}.Debug|Any CPU.ActiveCfg = Debug|Any CPU
		{3ABA4187-FEDC-46A9-8CA2-0D5D11931966}.Debug|Any CPU.Build.0 = Debug|Any CPU
		{3ABA4187-FEDC-46A9-8CA2-0D5D11931966}.Release|Any CPU.ActiveCfg = Release|Any CPU
		{3ABA4187-FEDC-46A9-8CA2-0D5D11931966}.Release|Any CPU.Build.0 = Release|Any CPU
		{DDA016B4-F85D-46F9-8361-F0651B68EAC8}.Debug|Any CPU.ActiveCfg = Debug|Any CPU
		{DDA016B4-F85D-46F9-8361-F0651B68EAC8}.Debug|Any CPU.Build.0 = Debug|Any CPU
		{DDA016B4-F85D-46F9-8361-F0651B68EAC8}.Release|Any CPU.ActiveCfg = Release|Any CPU
		{DDA016B4-F85D-46F9-8361-F0651B68EAC8}.Release|Any CPU.Build.0 = Release|Any CPU
		{0A59F9DF-6F50-4327-B9B3-02228106D483}.Debug|Any CPU.ActiveCfg = Debug|Any CPU
		{0A59F9DF-6F50-4327-B9B3-02228106D483}.Debug|Any CPU.Build.0 = Debug|Any CPU
		{0A59F9DF-6F50-4327-B9B3-02228106D483}.Release|Any CPU.ActiveCfg = Release|Any CPU
		{0A59F9DF-6F50-4327-B9B3-02228106D483}.Release|Any CPU.Build.0 = Release|Any CPU
		{F5B405B4-86EB-4444-930D-E14A0F4FE462}.Debug|Any CPU.ActiveCfg = Debug|Any CPU
		{F5B405B4-86EB-4444-930D-E14A0F4FE462}.Debug|Any CPU.Build.0 = Debug|Any CPU
		{F5B405B4-86EB-4444-930D-E14A0F4FE462}.Release|Any CPU.ActiveCfg = Release|Any CPU
		{F5B405B4-86EB-4444-930D-E14A0F4FE462}.Release|Any CPU.Build.0 = Release|Any CPU
		{B058B8B3-820B-4FBC-BED8-7405E3495F43}.Debug|Any CPU.ActiveCfg = Debug|Any CPU
		{B058B8B3-820B-4FBC-BED8-7405E3495F43}.Debug|Any CPU.Build.0 = Debug|Any CPU
		{B058B8B3-820B-4FBC-BED8-7405E3495F43}.Release|Any CPU.ActiveCfg = Release|Any CPU
		{B058B8B3-820B-4FBC-BED8-7405E3495F43}.Release|Any CPU.Build.0 = Release|Any CPU
		{F46073B9-A8FB-4664-8BF4-5900CDF2574A}.Debug|Any CPU.ActiveCfg = Debug|Any CPU
		{F46073B9-A8FB-4664-8BF4-5900CDF2574A}.Debug|Any CPU.Build.0 = Debug|Any CPU
		{F46073B9-A8FB-4664-8BF4-5900CDF2574A}.Release|Any CPU.ActiveCfg = Release|Any CPU
		{F46073B9-A8FB-4664-8BF4-5900CDF2574A}.Release|Any CPU.Build.0 = Release|Any CPU
		{A5B470E7-47D7-434A-96AF-E3009536EEA0}.Debug|Any CPU.ActiveCfg = Debug|Any CPU
		{A5B470E7-47D7-434A-96AF-E3009536EEA0}.Debug|Any CPU.Build.0 = Debug|Any CPU
		{A5B470E7-47D7-434A-96AF-E3009536EEA0}.Release|Any CPU.ActiveCfg = Release|Any CPU
		{A5B470E7-47D7-434A-96AF-E3009536EEA0}.Release|Any CPU.Build.0 = Release|Any CPU
		{45893DE3-3565-45F8-AD5F-AF4CA8B40BB0}.Debug|Any CPU.ActiveCfg = Debug|Any CPU
		{45893DE3-3565-45F8-AD5F-AF4CA8B40BB0}.Debug|Any CPU.Build.0 = Debug|Any CPU
		{45893DE3-3565-45F8-AD5F-AF4CA8B40BB0}.Release|Any CPU.ActiveCfg = Release|Any CPU
		{45893DE3-3565-45F8-AD5F-AF4CA8B40BB0}.Release|Any CPU.Build.0 = Release|Any CPU
	EndGlobalSection
	GlobalSection(SolutionProperties) = preSolution
		HideSolutionNode = FALSE
	EndGlobalSection
	GlobalSection(NestedProjects) = preSolution
		{80105CFC-AD17-49EF-A113-73E67D2007DD} = {D8D69E15-348B-4373-A4A4-A3983140654B}
		{2CF15819-6950-421D-9785-8D5CF4CFDEE0} = {D8D69E15-348B-4373-A4A4-A3983140654B}
		{5688DB57-04E3-4B35-8A97-4BA49C1517FB} = {D8D69E15-348B-4373-A4A4-A3983140654B}
		{E775E634-6B66-4210-B6BE-4E14F18748BA} = {2D9E41EB-43B6-4941-AD32-507B8B6D4BC7}
		{3ABA4187-FEDC-46A9-8CA2-0D5D11931966} = {2D9E41EB-43B6-4941-AD32-507B8B6D4BC7}
		{DDA016B4-F85D-46F9-8361-F0651B68EAC8} = {2D9E41EB-43B6-4941-AD32-507B8B6D4BC7}
		{0A59F9DF-6F50-4327-B9B3-02228106D483} = {2D9E41EB-43B6-4941-AD32-507B8B6D4BC7}
		{F5B405B4-86EB-4444-930D-E14A0F4FE462} = {2D9E41EB-43B6-4941-AD32-507B8B6D4BC7}
		{B058B8B3-820B-4FBC-BED8-7405E3495F43} = {2D9E41EB-43B6-4941-AD32-507B8B6D4BC7}
		{F46073B9-A8FB-4664-8BF4-5900CDF2574A} = {DCE67C0E-885E-4915-ADEE-DDA2A9A0BB76}
		{A5B470E7-47D7-434A-96AF-E3009536EEA0} = {DCE67C0E-885E-4915-ADEE-DDA2A9A0BB76}
		{45893DE3-3565-45F8-AD5F-AF4CA8B40BB0} = {DCE67C0E-885E-4915-ADEE-DDA2A9A0BB76}
	EndGlobalSection
	GlobalSection(ExtensibilityGlobals) = postSolution
		SolutionGuid = {7B8FE980-8A17-47A4-BAB2-D3DB2B169604}
	EndGlobalSection
EndGlobal
