
Microsoft Visual Studio Solution File, Format Version 12.00
# Visual Studio Version 16
VisualStudioVersion = 16.0.32413.511
MinimumVisualStudioVersion = 10.0.40219.1
Project("{2150E333-8FDC-42A3-9474-1A3956D46DE8}") = "Project01", "Project01", "{D8D69E15-348B-4373-A4A4-A3983140654B}"
EndProject
Project("{FAE04EC0-301F-11D3-BF4B-00C04F79EFBC}") = "Pro01_20CT111", "Project01\Pro01_20CT111\Pro01_20CT111.csproj", "{80105CFC-AD17-49EF-A113-73E67D2007DD}"
EndProject
Global
	GlobalSection(SolutionConfigurationPlatforms) = preSolution
		Debug|Any CPU = Debug|Any CPU
		Release|Any CPU = Release|Any CPU
	EndGlobalSection
	GlobalSection(ProjectConfigurationPlatforms) = postSolution
		{80105CFC-AD17-49EF-A113-73E67D2007DD}.Debug|Any CPU.ActiveCfg = Debug|Any CPU
		{80105CFC-AD17-49EF-A113-73E67D2007DD}.Debug|Any CPU.Build.0 = Debug|Any CPU
		{80105CFC-AD17-49EF-A113-73E67D2007DD}.Release|Any CPU.ActiveCfg = Release|Any CPU
		{80105CFC-AD17-49EF-A113-73E67D2007DD}.Release|Any CPU.Build.0 = Release|Any CPU
	EndGlobalSection
	GlobalSection(SolutionProperties) = preSolution
		HideSolutionNode = FALSE
	EndGlobalSection
	GlobalSection(NestedProjects) = preSolution
		{80105CFC-AD17-49EF-A113-73E67D2007DD} = {D8D69E15-348B-4373-A4A4-A3983140654B}
	EndGlobalSection
	GlobalSection(ExtensibilityGlobals) = postSolution
		SolutionGuid = {7B8FE980-8A17-47A4-BAB2-D3DB2B169604}
	EndGlobalSection
EndGlobal
